{
  "version": 4,
  "terraform_version": "1.6.3",
  "serial": 11,
  "lineage": "a6c2c653-49a1-751d-d519-78678b014bab",
  "outputs": {},
  "resources": [
    {
      "mode": "data",
      "type": "yandex_compute_image",
      "name": "ubuntu",
      "provider": "provider[\"registry.terraform.io/yandex-cloud/yandex\"]",
      "instances": [
        {
          "schema_version": 0,
          "attributes": {
            "created_at": "2026-03-02T11:34:20Z",
            "description": "Ubuntu 20.04 lts v20260220011257",
            "family": "ubuntu-2004-lts",
            "folder_id": "standard-images",
            "hardware_generation": [
              {
                "generation2_features": [],
                "legacy_features": [
                  {
                    "pci_topology": "PCI_TOPOLOGY_V2"
                  }
                ]
              }
            ],
            "id": "fd8qikal07g5k295krou",
            "image_id": "fd8qikal07g5k295krou",
            "kms_key_id": null,
            "labels": {
              "version": "20260220011257",
              "x-hopper-operation-id": "d9pakrsu40fmtvjcrdj0",
              "x-hopper-source-image-id": "fd8fpd2u6nas0tv3q59j"
            },
            "min_disk_size": 5,
            "name": "ubuntu-20-04-lts-v20260302",
            "os_type": "linux",
            "pooled": true,
            "product_ids": [
              "f2eoe09jb03vm226uml1"
            ],
            "size": 2,
            "status": "ready"
          },
          "sensitive_attributes": []
        }
      ]
    },
    {
      "mode": "managed",
      "type": "yandex_compute_instance",
      "name": "private_vm",
      "provider": "provider[\"registry.terraform.io/yandex-cloud/yandex\"]",
      "instances": [
        {
          "schema_version": 1,
          "attributes": {
            "allow_recreate": null,
            "allow_stopping_for_update": null,
            "boot_disk": [
              {
                "auto_delete": true,
                "device_name": "fhmegfk2grpgs69ho617",
                "disk_id": "fhmegfk2grpgs69ho617",
                "initialize_params": [
                  {
                    "block_size": 4096,
                    "description": "",
                    "image_id": "fd8qikal07g5k295krou",
                    "kms_key_id": "",
                    "name": "",
                    "size": 20,
                    "snapshot_id": "",
                    "type": "network-hdd"
                  }
                ],
                "mode": "READ_WRITE"
              }
            ],
            "created_at": "2026-03-04T12:25:32Z",
            "description": "",
            "filesystem": [],
            "folder_id": "b1g0rvde7a8fibpkkum5",
            "fqdn": "fhml21ekag44bap9gle6.auto.internal",
            "gpu_cluster_id": "",
            "hardware_generation": [
              {
                "generation2_features": [],
                "legacy_features": [
                  {
                    "pci_topology": "PCI_TOPOLOGY_V2"
                  }
                ]
              }
            ],
            "hostname": "",
            "id": "fhml21ekag44bap9gle6",
            "labels": null,
            "local_disk": [],
            "maintenance_grace_period": "",
            "maintenance_policy": null,
            "metadata": {
              "ssh-keys": "ubuntu:ssh-rsa AAAAB3NzaC1yc2EAAAADAQABAAACAQCgQjS5noKU3KjyCBZY4rTVUFR5vJdJxtoJXFM4p/3E6xvIQhqgSMIhTbhlQZNJXl2JD7H17RVEx8MIgFvQ1PCC3EsRFMSv05wvpy9p1ti3VCSViOcxKqLJSXRuC1QS0VOHVpshKy4PpZ1+OXmK7/4IRnv9KHIriS4bFp8S1W8s2vm6k7ar22t5PB/cbWlZ7K1zGzJN92Rk/+KJeMzrEeeaLaB5ljt0hnQWZL1NANGqV/RbuMIS0tH7KOOJUIh2KUACefGXnYLqgCRMnuqu6jazfz/htAlv727c8HwPTUYGj7vbWL6unphu/+tVPEWXKgGU8zG532tDkCk6sLs4++44bC9oucP/fhao1PrFSYvE6tmy81hajIRVhsC9xlQrljwg1aT9AYqq1WNAY23rkd14JbY0KxMUexfEpWFyt1brvDeIi6/nWyj8TwqcbKKznBGIRKOXWzlnIKshCYmpz2rUBHms11dcNFUc0b3hEV//Q+uL31MTg5VsBtDwFUuklD9QHQsEuZecClZ+BWiDIhOx1FxakVD6kUDKi2aQ4EyM205EipAbBej1y/SfB8YO9XMP0eUm1pv/NRZF1jgGSVq3MyYWKazUhfx7Ba5vUX7MxnfKUuwYdbEXOkiB8881CIByemwTuyTZ+8IqyHwroSazBLiNQ7xCr7guK5uqnGkJnQ== kali@DG\n"
            },
            "metadata_options": [
              {
                "aws_v1_http_endpoint": 1,
                "aws_v1_http_token": 2,
                "gce_http_endpoint": 1,
                "gce_http_token": 1
              }
            ],
            "name": "lesson14-private-vm",
            "network_acceleration_type": "standard",
            "network_interface": [
              {
                "dns_record": [],
                "index": 0,
                "ip_address": "10.10.2.31",
                "ipv4": true,
                "ipv6": false,
                "ipv6_address": "",
                "ipv6_dns_record": [],
                "mac_address": "d0:0d:15:10:5d:45",
                "nat": false,
                "nat_dns_record": [],
                "nat_ip_address": "",
                "nat_ip_version": "",
                "security_group_ids": [
                  "enpfscnimhg1qnrp1aoc"
                ],
                "subnet_id": "e9b8ilr0p3fbd8a8a6nj"
              }
            ],
            "placement_policy": [
              {
                "host_affinity_rules": [],
                "placement_group_id": "",
                "placement_group_partition": 0
              }
            ],
            "platform_id": "standard-v1",
            "resources": [
              {
                "core_fraction": 100,
                "cores": 2,
                "gpus": 0,
                "memory": 2
              }
            ],
            "scheduling_policy": [
              {
                "preemptible": false
              }
            ],
            "secondary_disk": [],
            "service_account_id": "",
            "status": "running",
            "timeouts": null,
            "zone": "ru-central1-a"
          },
          "sensitive_attributes": [],
          "private": "eyJlMmJmYjczMC1lY2FhLTExZTYtOGY4OC0zNDM2M2JjN2M0YzAiOnsiY3JlYXRlIjozMDAwMDAwMDAwMDAsImRlbGV0ZSI6MzAwMDAwMDAwMDAwLCJ1cGRhdGUiOjMwMDAwMDAwMDAwMH0sInNjaGVtYV92ZXJzaW9uIjoiMSJ9",
          "dependencies": [
            "data.yandex_compute_image.ubuntu",
            "yandex_vpc_network.lesson14_network",
            "yandex_vpc_security_group.private_sg",
            "yandex_vpc_subnet.private_subnet"
          ]
        }
      ]
    },
    {
      "mode": "managed",
      "type": "yandex_compute_instance",
      "name": "public_vm",
      "provider": "provider[\"registry.terraform.io/yandex-cloud/yandex\"]",
      "instances": [
        {
          "schema_version": 1,
          "attributes": {
            "allow_recreate": null,
            "allow_stopping_for_update": null,
            "boot_disk": [
              {
                "auto_delete": true,
                "device_name": "fhmh3mi4qap7bpqfi5e3",
                "disk_id": "fhmh3mi4qap7bpqfi5e3",
                "initialize_params": [
                  {
                    "block_size": 4096,
                    "description": "",
                    "image_id": "fd8qikal07g5k295krou",
                    "kms_key_id": "",
                    "name": "",
                    "size": 20,
                    "snapshot_id": "",
                    "type": "network-hdd"
                  }
                ],
                "mode": "READ_WRITE"
              }
            ],
            "created_at": "2026-03-04T12:22:06Z",
            "description": "",
            "filesystem": [],
            "folder_id": "b1g0rvde7a8fibpkkum5",
            "fqdn": "fhmi7embiqmf0lb5r5af.auto.internal",
            "gpu_cluster_id": "",
            "hardware_generation": [
              {
                "generation2_features": [],
                "legacy_features": [
                  {
                    "pci_topology": "PCI_TOPOLOGY_V2"
                  }
                ]
              }
            ],
            "hostname": "",
            "id": "fhmi7embiqmf0lb5r5af",
            "labels": {},
            "local_disk": [],
            "maintenance_grace_period": "",
            "maintenance_policy": null,
            "metadata": {
              "ssh-keys": "ubuntu:ssh-rsa AAAAB3NzaC1yc2EAAAADAQABAAACAQCgQjS5noKU3KjyCBZY4rTVUFR5vJdJxtoJXFM4p/3E6xvIQhqgSMIhTbhlQZNJXl2JD7H17RVEx8MIgFvQ1PCC3EsRFMSv05wvpy9p1ti3VCSViOcxKqLJSXRuC1QS0VOHVpshKy4PpZ1+OXmK7/4IRnv9KHIriS4bFp8S1W8s2vm6k7ar22t5PB/cbWlZ7K1zGzJN92Rk/+KJeMzrEeeaLaB5ljt0hnQWZL1NANGqV/RbuMIS0tH7KOOJUIh2KUACefGXnYLqgCRMnuqu6jazfz/htAlv727c8HwPTUYGj7vbWL6unphu/+tVPEWXKgGU8zG532tDkCk6sLs4++44bC9oucP/fhao1PrFSYvE6tmy81hajIRVhsC9xlQrljwg1aT9AYqq1WNAY23rkd14JbY0KxMUexfEpWFyt1brvDeIi6/nWyj8TwqcbKKznBGIRKOXWzlnIKshCYmpz2rUBHms11dcNFUc0b3hEV//Q+uL31MTg5VsBtDwFUuklD9QHQsEuZecClZ+BWiDIhOx1FxakVD6kUDKi2aQ4EyM205EipAbBej1y/SfB8YO9XMP0eUm1pv/NRZF1jgGSVq3MyYWKazUhfx7Ba5vUX7MxnfKUuwYdbEXOkiB8881CIByemwTuyTZ+8IqyHwroSazBLiNQ7xCr7guK5uqnGkJnQ== kali@DG\n"
            },
            "metadata_options": [
              {
                "aws_v1_http_endpoint": 1,
                "aws_v1_http_token": 2,
                "gce_http_endpoint": 1,
                "gce_http_token": 1
              }
            ],
            "name": "lesson14-public-vm",
            "network_acceleration_type": "standard",
            "network_interface": [
              {
                "dns_record": [],
                "index": 0,
                "ip_address": "10.10.1.29",
                "ipv4": true,
                "ipv6": false,
                "ipv6_address": "",
                "ipv6_dns_record": [],
                "mac_address": "d0:0d:12:3b:ac:b9",
                "nat": true,
                "nat_dns_record": [],
                "nat_ip_address": "51.250.6.146",
                "nat_ip_version": "IPV4",
                "security_group_ids": [
                  "enpqn2lqajtjbfiqvq83"
                ],
                "subnet_id": "e9btt6c1k4qur3ifrah1"
              }
            ],
            "placement_policy": [
              {
                "host_affinity_rules": [],
                "placement_group_id": "",
                "placement_group_partition": 0
              }
            ],
            "platform_id": "standard-v1",
            "resources": [
              {
                "core_fraction": 100,
                "cores": 2,
                "gpus": 0,
                "memory": 2
              }
            ],
            "scheduling_policy": [
              {
                "preemptible": false
              }
            ],
            "secondary_disk": [],
            "service_account_id": "",
            "status": "running",
            "timeouts": null,
            "zone": "ru-central1-a"
          },
          "sensitive_attributes": [],
          "private": "eyJlMmJmYjczMC1lY2FhLTExZTYtOGY4OC0zNDM2M2JjN2M0YzAiOnsiY3JlYXRlIjozMDAwMDAwMDAwMDAsImRlbGV0ZSI6MzAwMDAwMDAwMDAwLCJ1cGRhdGUiOjMwMDAwMDAwMDAwMH0sInNjaGVtYV92ZXJzaW9uIjoiMSJ9",
          "dependencies": [
            "data.yandex_compute_image.ubuntu",
            "yandex_vpc_network.lesson14_network",
            "yandex_vpc_security_group.public_sg",
            "yandex_vpc_subnet.public_subnet"
          ]
        }
      ]
    },
    {
      "mode": "managed",
      "type": "yandex_vpc_network",
      "name": "lesson14_network",
      "provider": "provider[\"registry.terraform.io/yandex-cloud/yandex\"]",
      "instances": [
        {
          "schema_version": 0,
          "attributes": {
            "created_at": "2026-03-04T12:12:29Z",
            "default_security_group_id": "enpoc4caikm1raek3m5v",
            "description": "",
            "folder_id": "b1g0rvde7a8fibpkkum5",
            "id": "enpvobqho19k0v6qahv1",
            "labels": {},
            "name": "lesson14-network",
            "subnet_ids": [
              "e9b8ilr0p3fbd8a8a6nj",
              "e9btt6c1k4qur3ifrah1"
            ],
            "timeouts": null
          },
          "sensitive_attributes": [],
          "private": "eyJlMmJmYjczMC1lY2FhLTExZTYtOGY4OC0zNDM2M2JjN2M0YzAiOnsiY3JlYXRlIjo2MDAwMDAwMDAwMCwiZGVsZXRlIjo2MDAwMDAwMDAwMCwidXBkYXRlIjo2MDAwMDAwMDAwMH19"
        }
      ]
    },
    {
      "mode": "managed",
      "type": "yandex_vpc_security_group",
      "name": "private_sg",
      "provider": "provider[\"registry.terraform.io/yandex-cloud/yandex\"]",
      "instances": [
        {
          "schema_version": 0,
          "attributes": {
            "created_at": "2026-03-04T12:16:34Z",
            "description": "",
            "egress": [
              {
                "description": "",
                "from_port": -1,
                "id": "enpvb8lvmbkq5891fmfs",
                "labels": {},
                "port": -1,
                "predefined_target": "",
                "protocol": "ANY",
                "security_group_id": "",
                "to_port": -1,
                "v4_cidr_blocks": [
                  "0.0.0.0/0"
                ],
                "v6_cidr_blocks": []
              }
            ],
            "folder_id": "b1g0rvde7a8fibpkkum5",
            "id": "enpfscnimhg1qnrp1aoc",
            "ingress": [
              {
                "description": "",
                "from_port": -1,
                "id": "enp1acgava5pj5pt1vho",
                "labels": {},
                "port": 8080,
                "predefined_target": "",
                "protocol": "TCP",
                "security_group_id": "",
                "to_port": -1,
                "v4_cidr_blocks": [
                  "10.10.0.0/16"
                ],
                "v6_cidr_blocks": []
              },
              {
                "description": "",
                "from_port": -1,
                "id": "enpr7162mnogqk7gra0s",
                "labels": {},
                "port": 22,
                "predefined_target": "",
                "protocol": "TCP",
                "security_group_id": "",
                "to_port": -1,
                "v4_cidr_blocks": [
                  "10.10.0.0/16"
                ],
                "v6_cidr_blocks": []
              }
            ],
            "labels": {},
            "name": "lesson14-private-sg",
            "network_id": "enpvobqho19k0v6qahv1",
            "status": "ACTIVE",
            "timeouts": null
          },
          "sensitive_attributes": [],
          "private": "eyJlMmJmYjczMC1lY2FhLTExZTYtOGY4OC0zNDM2M2JjN2M0YzAiOnsiY3JlYXRlIjoxODAwMDAwMDAwMDAsImRlbGV0ZSI6MTgwMDAwMDAwMDAwLCJ1cGRhdGUiOjE4MDAwMDAwMDAwMH19",
          "dependencies": [
            "yandex_vpc_network.lesson14_network"
          ]
        }
      ]
    },
    {
      "mode": "managed",
      "type": "yandex_vpc_security_group",
      "name": "public_sg",
      "provider": "provider[\"registry.terraform.io/yandex-cloud/yandex\"]",
      "instances": [
        {
          "schema_version": 0,
          "attributes": {
            "created_at": "2026-03-04T12:16:36Z",
            "description": "",
            "egress": [
              {
                "description": "",
                "from_port": -1,
                "id": "enprb7p69ntu82hghpbn",
                "labels": {},
                "port": -1,
                "predefined_target": "",
                "protocol": "ANY",
                "security_group_id": "",
                "to_port": -1,
                "v4_cidr_blocks": [
                  "0.0.0.0/0"
                ],
                "v6_cidr_blocks": []
              }
            ],
            "folder_id": "b1g0rvde7a8fibpkkum5",
            "id": "enpqn2lqajtjbfiqvq83",
            "ingress": [
              {
                "description": "",
                "from_port": -1,
                "id": "enp4mbfbnmhgvp1rl154",
                "labels": {},
                "port": 443,
                "predefined_target": "",
                "protocol": "TCP",
                "security_group_id": "",
                "to_port": -1,
                "v4_cidr_blocks": [
                  "0.0.0.0/0"
                ],
                "v6_cidr_blocks": []
              },
              {
                "description": "",
                "from_port": -1,
                "id": "enph7fg3m3par8n2di2k",
                "labels": {},
                "port": 22,
                "predefined_target": "",
                "protocol": "TCP",
                "security_group_id": "",
                "to_port": -1,
                "v4_cidr_blocks": [
                  "0.0.0.0/0"
                ],
                "v6_cidr_blocks": []
              },
              {
                "description": "",
                "from_port": -1,
                "id": "enpndvcmfftqvvqurfnp",
                "labels": {},
                "port": 80,
                "predefined_target": "",
                "protocol": "TCP",
                "security_group_id": "",
                "to_port": -1,
                "v4_cidr_blocks": [
                  "0.0.0.0/0"
                ],
                "v6_cidr_blocks": []
              }
            ],
            "labels": {},
            "name": "lesson14-public-sg",
            "network_id": "enpvobqho19k0v6qahv1",
            "status": "ACTIVE",
            "timeouts": null
          },
          "sensitive_attributes": [],
          "private": "eyJlMmJmYjczMC1lY2FhLTExZTYtOGY4OC0zNDM2M2JjN2M0YzAiOnsiY3JlYXRlIjoxODAwMDAwMDAwMDAsImRlbGV0ZSI6MTgwMDAwMDAwMDAwLCJ1cGRhdGUiOjE4MDAwMDAwMDAwMH19",
          "dependencies": [
            "yandex_vpc_network.lesson14_network"
          ]
        }
      ]
    },
    {
      "mode": "managed",
      "type": "yandex_vpc_subnet",
      "name": "private_subnet",
      "provider": "provider[\"registry.terraform.io/yandex-cloud/yandex\"]",
      "instances": [
        {
          "schema_version": 0,
          "attributes": {
            "created_at": "2026-03-04T12:12:31Z",
            "description": "",
            "dhcp_options": [],
            "folder_id": "b1g0rvde7a8fibpkkum5",
            "id": "e9b8ilr0p3fbd8a8a6nj",
            "labels": {},
            "name": "lesson14-private",
            "network_id": "enpvobqho19k0v6qahv1",
            "route_table_id": "",
            "timeouts": null,
            "v4_cidr_blocks": [
              "10.10.2.0/24"
            ],
            "v6_cidr_blocks": [],
            "zone": "ru-central1-a"
          },
          "sensitive_attributes": [],
          "private": "eyJlMmJmYjczMC1lY2FhLTExZTYtOGY4OC0zNDM2M2JjN2M0YzAiOnsiY3JlYXRlIjoxODAwMDAwMDAwMDAsImRlbGV0ZSI6MTgwMDAwMDAwMDAwLCJ1cGRhdGUiOjE4MDAwMDAwMDAwMH19",
          "dependencies": [
            "yandex_vpc_network.lesson14_network"
          ]
        }
      ]
    },
    {
      "mode": "managed",
      "type": "yandex_vpc_subnet",
      "name": "public_subnet",
      "provider": "provider[\"registry.terraform.io/yandex-cloud/yandex\"]",
      "instances": [
        {
          "schema_version": 0,
          "attributes": {
            "created_at": "2026-03-04T12:12:32Z",
            "description": "",
            "dhcp_options": [],
            "folder_id": "b1g0rvde7a8fibpkkum5",
            "id": "e9btt6c1k4qur3ifrah1",
            "labels": {},
            "name": "lesson14-public",
            "network_id": "enpvobqho19k0v6qahv1",
            "route_table_id": "",
            "timeouts": null,
            "v4_cidr_blocks": [
              "10.10.1.0/24"
            ],
            "v6_cidr_blocks": [],
            "zone": "ru-central1-a"
          },
          "sensitive_attributes": [],
          "private": "eyJlMmJmYjczMC1lY2FhLTExZTYtOGY4OC0zNDM2M2JjN2M0YzAiOnsiY3JlYXRlIjoxODAwMDAwMDAwMDAsImRlbGV0ZSI6MTgwMDAwMDAwMDAwLCJ1cGRhdGUiOjE4MDAwMDAwMDAwMH19",
          "dependencies": [
            "yandex_vpc_network.lesson14_network"
          ]
        }
      ]
    }
  ],
  "check_results": null
}
